
Microsoft Visual Studio Solution File, Format Version 12.00
# Visual Studio Version 16
VisualStudioVersion = 25.0.1706.14
MinimumVisualStudioVersion = 10.0.40219.1
Project("{FAE04EC0-301F-11D3-BF4B-00C04F79EFBC}") = "OldPhoneKeypadProject", "OldPhoneKeypadProject\OldPhoneKeypadProject.csproj", "{9B54F658-3EAE-453F-B398-2BCC047A6183}"
EndProject
Global
	GlobalSection(SolutionConfigurationPlatforms) = preSolution
		Debug|Any CPU = Debug|Any CPU
		Release|Any CPU = Release|Any CPU
	EndGlobalSection
	GlobalSection(ProjectConfigurationPlatforms) = postSolution
		{9B54F658-3EAE-453F-B398-2BCC047A6183}.Debug|Any CPU.ActiveCfg = Debug|Any CPU
		{9B54F658-3EAE-453F-B398-2BCC047A6183}.Debug|Any CPU.Build.0 = Debug|Any CPU
		{9B54F658-3EAE-453F-B398-2BCC047A6183}.Release|Any CPU.ActiveCfg = Release|Any CPU
		{9B54F658-3EAE-453F-B398-2BCC047A6183}.Release|Any CPU.Build.0 = Release|Any CPU
	EndGlobalSection
	GlobalSection(SolutionProperties) = preSolution
		HideSolutionNode = FALSE
	EndGlobalSection
	GlobalSection(ExtensibilityGlobals) = postSolution
		SolutionGuid = {DB060C51-2969-405C-8290-975548EE1ECB}
	EndGlobalSection
EndGlobal
